
Microsoft Visual Studio Solution File, Format Version 12.00
# Visual Studio Version 16
VisualStudioVersion = 16.0.28803.202
MinimumVisualStudioVersion = 10.0.40219.1
Project("{2150E333-8FDC-42A3-9474-1A3956D46DE8}") = "Solution Items", "Solution Items", "{E9930C06-64DD-4756-8192-DC629E2EAF3D}"
	ProjectSection(SolutionItems) = preProject
		.gitignore = .gitignore
		.travis.yml = .travis.yml
		GlobalAssemblyInfo.cs = GlobalAssemblyInfo.cs
		README.md = README.md
	EndProjectSection
EndProject
Project("{2150E333-8FDC-42A3-9474-1A3956D46DE8}") = "Services", "Services", "{6543DCCE-C8C0-47E1-9EA1-AC41596AA2B1}"
EndProject
Project("{9A19103F-16F7-4668-BE54-9A1E7A4F7556}") = "ClosedXml Excel Data Service", "Services.ClosedXmlExcelDataService\ClosedXml Excel Data Service.csproj", "{04535C27-E312-4204-B2D5-F1AF2064DA66}"
EndProject
Project("{9A19103F-16F7-4668-BE54-9A1E7A4F7556}") = "Coordinates Service", "Services.CoordinateService\Coordinates Service.csproj", "{07F0BBB9-E360-40EF-8501-5A61BA8684A7}"
EndProject
Project("{9A19103F-16F7-4668-BE54-9A1E7A4F7556}") = "Server", "Server\Server.csproj", "{39737F54-38BE-4766-A533-83107C493188}"
EndProject
Project("{9A19103F-16F7-4668-BE54-9A1E7A4F7556}") = "Core", "Core\Core.csproj", "{26F18DF5-98CA-4FDF-A86E-77F3311557A0}"
EndProject
Project("{2150E333-8FDC-42A3-9474-1A3956D46DE8}") = "Application", "Application", "{26862EAF-02DA-4EAC-A571-0700F5E7E195}"
EndProject
Project("{FAE04EC0-301F-11D3-BF4B-00C04F79EFBC}") = "Android Application", "Application.Android\Android Application.csproj", "{1429EF9A-A988-4B15-9E20-5AEB3CC56CB2}"
EndProject
Project("{9A19103F-16F7-4668-BE54-9A1E7A4F7556}") = "Application Core", "Application.Core\Application Core.csproj", "{AC9C0066-D9CD-45A4-8CCF-5733D9833FAC}"
EndProject
Project("{FAE04EC0-301F-11D3-BF4B-00C04F79EFBC}") = "iOS Application", "Application.iOS\iOS Application.csproj", "{C0945573-5FE1-45B6-915F-2466FF68384E}"
EndProject
Project("{9A19103F-16F7-4668-BE54-9A1E7A4F7556}") = "Service Interfaces", "Services.ServiceInterfaces\Service Interfaces.csproj", "{3B10FC5E-8DC8-40AD-8E99-DDD2EAF1629B}"
EndProject
Project("{9A19103F-16F7-4668-BE54-9A1E7A4F7556}") = "Server API School Service", "Services.ServerApiSchoolService\Server API School Service.csproj", "{E35DBD54-1D03-43EF-89E9-C317A71C4D29}"
EndProject
Project("{D954291E-2A0B-460D-934E-DC6B0785DB48}") = ".Common", "Common\.Common.shproj", "{1935F8EF-7C60-4CBE-9E3B-BC5810D51089}"
EndProject
Project("{9A19103F-16F7-4668-BE54-9A1E7A4F7556}") = "Google School Metadata Service", "Services.GoogleSchoolMetadataService\Google School Metadata Service.csproj", "{A1770D87-9358-4A17-B751-3CD62BF755E2}"
EndProject
Project("{9A19103F-16F7-4668-BE54-9A1E7A4F7556}") = "Mock Services", "Services.MockServices\Mock Services.csproj", "{84302ED8-716A-4289-A704-E0D75C799A35}"
EndProject
Project("{FAE04EC0-301F-11D3-BF4B-00C04F79EFBC}") = "UWP Application", "Application.UWP\UWP Application.csproj", "{FE9EEAA1-C953-46D9-BE15-D4A3B8A82212}"
EndProject
Project("{9A19103F-16F7-4668-BE54-9A1E7A4F7556}") = "Tests", "Tests\Tests.csproj", "{046FB54A-0FAC-498F-97DD-3F577E62F70C}"
EndProject
Global
	GlobalSection(SharedMSBuildProjectFiles) = preSolution
		Common\Common.projitems*{1935f8ef-7c60-4cbe-9e3b-bc5810d51089}*SharedItemsImports = 13
	EndGlobalSection
	GlobalSection(SolutionConfigurationPlatforms) = preSolution
		Debug|Any CPU = Debug|Any CPU
		Debug|ARM = Debug|ARM
		Debug|ARM64 = Debug|ARM64
		Debug|iPhone = Debug|iPhone
		Debug|iPhoneSimulator = Debug|iPhoneSimulator
		Debug|x64 = Debug|x64
		Debug|x86 = Debug|x86
		Release|Any CPU = Release|Any CPU
		Release|ARM = Release|ARM
		Release|ARM64 = Release|ARM64
		Release|iPhone = Release|iPhone
		Release|iPhoneSimulator = Release|iPhoneSimulator
		Release|x64 = Release|x64
		Release|x86 = Release|x86
	EndGlobalSection
	GlobalSection(ProjectConfigurationPlatforms) = postSolution
		{04535C27-E312-4204-B2D5-F1AF2064DA66}.Debug|Any CPU.ActiveCfg = Debug|Any CPU
		{04535C27-E312-4204-B2D5-F1AF2064DA66}.Debug|Any CPU.Build.0 = Debug|Any CPU
		{04535C27-E312-4204-B2D5-F1AF2064DA66}.Debug|ARM.ActiveCfg = Debug|Any CPU
		{04535C27-E312-4204-B2D5-F1AF2064DA66}.Debug|ARM.Build.0 = Debug|Any CPU
		{04535C27-E312-4204-B2D5-F1AF2064DA66}.Debug|ARM64.ActiveCfg = Debug|Any CPU
		{04535C27-E312-4204-B2D5-F1AF2064DA66}.Debug|ARM64.Build.0 = Debug|Any CPU
		{04535C27-E312-4204-B2D5-F1AF2064DA66}.Debug|iPhone.ActiveCfg = Debug|Any CPU
		{04535C27-E312-4204-B2D5-F1AF2064DA66}.Debug|iPhone.Build.0 = Debug|Any CPU
		{04535C27-E312-4204-B2D5-F1AF2064DA66}.Debug|iPhoneSimulator.ActiveCfg = Debug|Any CPU
		{04535C27-E312-4204-B2D5-F1AF2064DA66}.Debug|iPhoneSimulator.Build.0 = Debug|Any CPU
		{04535C27-E312-4204-B2D5-F1AF2064DA66}.Debug|x64.ActiveCfg = Debug|Any CPU
		{04535C27-E312-4204-B2D5-F1AF2064DA66}.Debug|x64.Build.0 = Debug|Any CPU
		{04535C27-E312-4204-B2D5-F1AF2064DA66}.Debug|x86.ActiveCfg = Debug|Any CPU
		{04535C27-E312-4204-B2D5-F1AF2064DA66}.Debug|x86.Build.0 = Debug|Any CPU
		{04535C27-E312-4204-B2D5-F1AF2064DA66}.Release|Any CPU.ActiveCfg = Release|Any CPU
		{04535C27-E312-4204-B2D5-F1AF2064DA66}.Release|Any CPU.Build.0 = Release|Any CPU
		{04535C27-E312-4204-B2D5-F1AF2064DA66}.Release|ARM.ActiveCfg = Release|Any CPU
		{04535C27-E312-4204-B2D5-F1AF2064DA66}.Release|ARM.Build.0 = Release|Any CPU
		{04535C27-E312-4204-B2D5-F1AF2064DA66}.Release|ARM64.ActiveCfg = Release|Any CPU
		{04535C27-E312-4204-B2D5-F1AF2064DA66}.Release|ARM64.Build.0 = Release|Any CPU
		{04535C27-E312-4204-B2D5-F1AF2064DA66}.Release|iPhone.ActiveCfg = Release|Any CPU
		{04535C27-E312-4204-B2D5-F1AF2064DA66}.Release|iPhone.Build.0 = Release|Any CPU
		{04535C27-E312-4204-B2D5-F1AF2064DA66}.Release|iPhoneSimulator.ActiveCfg = Release|Any CPU
		{04535C27-E312-4204-B2D5-F1AF2064DA66}.Release|iPhoneSimulator.Build.0 = Release|Any CPU
		{04535C27-E312-4204-B2D5-F1AF2064DA66}.Release|x64.ActiveCfg = Release|Any CPU
		{04535C27-E312-4204-B2D5-F1AF2064DA66}.Release|x64.Build.0 = Release|Any CPU
		{04535C27-E312-4204-B2D5-F1AF2064DA66}.Release|x86.ActiveCfg = Release|Any CPU
		{04535C27-E312-4204-B2D5-F1AF2064DA66}.Release|x86.Build.0 = Release|Any CPU
		{07F0BBB9-E360-40EF-8501-5A61BA8684A7}.Debug|Any CPU.ActiveCfg = Debug|Any CPU
		{07F0BBB9-E360-40EF-8501-5A61BA8684A7}.Debug|Any CPU.Build.0 = Debug|Any CPU
		{07F0BBB9-E360-40EF-8501-5A61BA8684A7}.Debug|ARM.ActiveCfg = Debug|Any CPU
		{07F0BBB9-E360-40EF-8501-5A61BA8684A7}.Debug|ARM.Build.0 = Debug|Any CPU
		{07F0BBB9-E360-40EF-8501-5A61BA8684A7}.Debug|ARM64.ActiveCfg = Debug|Any CPU
		{07F0BBB9-E360-40EF-8501-5A61BA8684A7}.Debug|ARM64.Build.0 = Debug|Any CPU
		{07F0BBB9-E360-40EF-8501-5A61BA8684A7}.Debug|iPhone.ActiveCfg = Debug|Any CPU
		{07F0BBB9-E360-40EF-8501-5A61BA8684A7}.Debug|iPhone.Build.0 = Debug|Any CPU
		{07F0BBB9-E360-40EF-8501-5A61BA8684A7}.Debug|iPhoneSimulator.ActiveCfg = Debug|Any CPU
		{07F0BBB9-E360-40EF-8501-5A61BA8684A7}.Debug|iPhoneSimulator.Build.0 = Debug|Any CPU
		{07F0BBB9-E360-40EF-8501-5A61BA8684A7}.Debug|x64.ActiveCfg = Debug|Any CPU
		{07F0BBB9-E360-40EF-8501-5A61BA8684A7}.Debug|x64.Build.0 = Debug|Any CPU
		{07F0BBB9-E360-40EF-8501-5A61BA8684A7}.Debug|x86.ActiveCfg = Debug|Any CPU
		{07F0BBB9-E360-40EF-8501-5A61BA8684A7}.Debug|x86.Build.0 = Debug|Any CPU
		{07F0BBB9-E360-40EF-8501-5A61BA8684A7}.Release|Any CPU.ActiveCfg = Release|Any CPU
		{07F0BBB9-E360-40EF-8501-5A61BA8684A7}.Release|Any CPU.Build.0 = Release|Any CPU
		{07F0BBB9-E360-40EF-8501-5A61BA8684A7}.Release|ARM.ActiveCfg = Release|Any CPU
		{07F0BBB9-E360-40EF-8501-5A61BA8684A7}.Release|ARM.Build.0 = Release|Any CPU
		{07F0BBB9-E360-40EF-8501-5A61BA8684A7}.Release|ARM64.ActiveCfg = Release|Any CPU
		{07F0BBB9-E360-40EF-8501-5A61BA8684A7}.Release|ARM64.Build.0 = Release|Any CPU
		{07F0BBB9-E360-40EF-8501-5A61BA8684A7}.Release|iPhone.ActiveCfg = Release|Any CPU
		{07F0BBB9-E360-40EF-8501-5A61BA8684A7}.Release|iPhone.Build.0 = Release|Any CPU
		{07F0BBB9-E360-40EF-8501-5A61BA8684A7}.Release|iPhoneSimulator.ActiveCfg = Release|Any CPU
		{07F0BBB9-E360-40EF-8501-5A61BA8684A7}.Release|iPhoneSimulator.Build.0 = Release|Any CPU
		{07F0BBB9-E360-40EF-8501-5A61BA8684A7}.Release|x64.ActiveCfg = Release|Any CPU
		{07F0BBB9-E360-40EF-8501-5A61BA8684A7}.Release|x64.Build.0 = Release|Any CPU
		{07F0BBB9-E360-40EF-8501-5A61BA8684A7}.Release|x86.ActiveCfg = Release|Any CPU
		{07F0BBB9-E360-40EF-8501-5A61BA8684A7}.Release|x86.Build.0 = Release|Any CPU
		{39737F54-38BE-4766-A533-83107C493188}.Debug|Any CPU.ActiveCfg = Debug|Any CPU
		{39737F54-38BE-4766-A533-83107C493188}.Debug|Any CPU.Build.0 = Debug|Any CPU
		{39737F54-38BE-4766-A533-83107C493188}.Debug|ARM.ActiveCfg = Debug|Any CPU
		{39737F54-38BE-4766-A533-83107C493188}.Debug|ARM.Build.0 = Debug|Any CPU
		{39737F54-38BE-4766-A533-83107C493188}.Debug|ARM64.ActiveCfg = Debug|Any CPU
		{39737F54-38BE-4766-A533-83107C493188}.Debug|ARM64.Build.0 = Debug|Any CPU
		{39737F54-38BE-4766-A533-83107C493188}.Debug|iPhone.ActiveCfg = Debug|Any CPU
		{39737F54-38BE-4766-A533-83107C493188}.Debug|iPhone.Build.0 = Debug|Any CPU
		{39737F54-38BE-4766-A533-83107C493188}.Debug|iPhoneSimulator.ActiveCfg = Debug|Any CPU
		{39737F54-38BE-4766-A533-83107C493188}.Debug|iPhoneSimulator.Build.0 = Debug|Any CPU
		{39737F54-38BE-4766-A533-83107C493188}.Debug|x64.ActiveCfg = Debug|Any CPU
		{39737F54-38BE-4766-A533-83107C493188}.Debug|x64.Build.0 = Debug|Any CPU
		{39737F54-38BE-4766-A533-83107C493188}.Debug|x86.ActiveCfg = Debug|Any CPU
		{39737F54-38BE-4766-A533-83107C493188}.Debug|x86.Build.0 = Debug|Any CPU
		{39737F54-38BE-4766-A533-83107C493188}.Release|Any CPU.ActiveCfg = Release|Any CPU
		{39737F54-38BE-4766-A533-83107C493188}.Release|Any CPU.Build.0 = Release|Any CPU
		{39737F54-38BE-4766-A533-83107C493188}.Release|ARM.ActiveCfg = Release|Any CPU
		{39737F54-38BE-4766-A533-83107C493188}.Release|ARM.Build.0 = Release|Any CPU
		{39737F54-38BE-4766-A533-83107C493188}.Release|ARM64.ActiveCfg = Release|Any CPU
		{39737F54-38BE-4766-A533-83107C493188}.Release|ARM64.Build.0 = Release|Any CPU
		{39737F54-38BE-4766-A533-83107C493188}.Release|iPhone.ActiveCfg = Release|Any CPU
		{39737F54-38BE-4766-A533-83107C493188}.Release|iPhone.Build.0 = Release|Any CPU
		{39737F54-38BE-4766-A533-83107C493188}.Release|iPhoneSimulator.ActiveCfg = Release|Any CPU
		{39737F54-38BE-4766-A533-83107C493188}.Release|iPhoneSimulator.Build.0 = Release|Any CPU
		{39737F54-38BE-4766-A533-83107C493188}.Release|x64.ActiveCfg = Release|Any CPU
		{39737F54-38BE-4766-A533-83107C493188}.Release|x64.Build.0 = Release|Any CPU
		{39737F54-38BE-4766-A533-83107C493188}.Release|x86.ActiveCfg = Release|Any CPU
		{39737F54-38BE-4766-A533-83107C493188}.Release|x86.Build.0 = Release|Any CPU
		{26F18DF5-98CA-4FDF-A86E-77F3311557A0}.Debug|Any CPU.ActiveCfg = Debug|Any CPU
		{26F18DF5-98CA-4FDF-A86E-77F3311557A0}.Debug|Any CPU.Build.0 = Debug|Any CPU
		{26F18DF5-98CA-4FDF-A86E-77F3311557A0}.Debug|ARM.ActiveCfg = Debug|Any CPU
		{26F18DF5-98CA-4FDF-A86E-77F3311557A0}.Debug|ARM.Build.0 = Debug|Any CPU
		{26F18DF5-98CA-4FDF-A86E-77F3311557A0}.Debug|ARM64.ActiveCfg = Debug|Any CPU
		{26F18DF5-98CA-4FDF-A86E-77F3311557A0}.Debug|ARM64.Build.0 = Debug|Any CPU
		{26F18DF5-98CA-4FDF-A86E-77F3311557A0}.Debug|iPhone.ActiveCfg = Debug|Any CPU
		{26F18DF5-98CA-4FDF-A86E-77F3311557A0}.Debug|iPhone.Build.0 = Debug|Any CPU
		{26F18DF5-98CA-4FDF-A86E-77F3311557A0}.Debug|iPhoneSimulator.ActiveCfg = Debug|Any CPU
		{26F18DF5-98CA-4FDF-A86E-77F3311557A0}.Debug|iPhoneSimulator.Build.0 = Debug|Any CPU
		{26F18DF5-98CA-4FDF-A86E-77F3311557A0}.Debug|x64.ActiveCfg = Debug|Any CPU
		{26F18DF5-98CA-4FDF-A86E-77F3311557A0}.Debug|x64.Build.0 = Debug|Any CPU
		{26F18DF5-98CA-4FDF-A86E-77F3311557A0}.Debug|x86.ActiveCfg = Debug|Any CPU
		{26F18DF5-98CA-4FDF-A86E-77F3311557A0}.Debug|x86.Build.0 = Debug|Any CPU
		{26F18DF5-98CA-4FDF-A86E-77F3311557A0}.Release|Any CPU.ActiveCfg = Release|Any CPU
		{26F18DF5-98CA-4FDF-A86E-77F3311557A0}.Release|Any CPU.Build.0 = Release|Any CPU
		{26F18DF5-98CA-4FDF-A86E-77F3311557A0}.Release|ARM.ActiveCfg = Release|Any CPU
		{26F18DF5-98CA-4FDF-A86E-77F3311557A0}.Release|ARM.Build.0 = Release|Any CPU
		{26F18DF5-98CA-4FDF-A86E-77F3311557A0}.Release|ARM64.ActiveCfg = Release|Any CPU
		{26F18DF5-98CA-4FDF-A86E-77F3311557A0}.Release|ARM64.Build.0 = Release|Any CPU
		{26F18DF5-98CA-4FDF-A86E-77F3311557A0}.Release|iPhone.ActiveCfg = Release|Any CPU
		{26F18DF5-98CA-4FDF-A86E-77F3311557A0}.Release|iPhone.Build.0 = Release|Any CPU
		{26F18DF5-98CA-4FDF-A86E-77F3311557A0}.Release|iPhoneSimulator.ActiveCfg = Release|Any CPU
		{26F18DF5-98CA-4FDF-A86E-77F3311557A0}.Release|iPhoneSimulator.Build.0 = Release|Any CPU
		{26F18DF5-98CA-4FDF-A86E-77F3311557A0}.Release|x64.ActiveCfg = Release|Any CPU
		{26F18DF5-98CA-4FDF-A86E-77F3311557A0}.Release|x64.Build.0 = Release|Any CPU
		{26F18DF5-98CA-4FDF-A86E-77F3311557A0}.Release|x86.ActiveCfg = Release|Any CPU
		{26F18DF5-98CA-4FDF-A86E-77F3311557A0}.Release|x86.Build.0 = Release|Any CPU
		{1429EF9A-A988-4B15-9E20-5AEB3CC56CB2}.Debug|Any CPU.ActiveCfg = Debug|Any CPU
		{1429EF9A-A988-4B15-9E20-5AEB3CC56CB2}.Debug|Any CPU.Build.0 = Debug|Any CPU
		{1429EF9A-A988-4B15-9E20-5AEB3CC56CB2}.Debug|Any CPU.Deploy.0 = Debug|Any CPU
		{1429EF9A-A988-4B15-9E20-5AEB3CC56CB2}.Debug|ARM.ActiveCfg = Debug|Any CPU
		{1429EF9A-A988-4B15-9E20-5AEB3CC56CB2}.Debug|ARM.Build.0 = Debug|Any CPU
		{1429EF9A-A988-4B15-9E20-5AEB3CC56CB2}.Debug|ARM.Deploy.0 = Debug|Any CPU
		{1429EF9A-A988-4B15-9E20-5AEB3CC56CB2}.Debug|ARM64.ActiveCfg = Debug|Any CPU
		{1429EF9A-A988-4B15-9E20-5AEB3CC56CB2}.Debug|ARM64.Build.0 = Debug|Any CPU
		{1429EF9A-A988-4B15-9E20-5AEB3CC56CB2}.Debug|ARM64.Deploy.0 = Debug|Any CPU
		{1429EF9A-A988-4B15-9E20-5AEB3CC56CB2}.Debug|iPhone.ActiveCfg = Debug|Any CPU
		{1429EF9A-A988-4B15-9E20-5AEB3CC56CB2}.Debug|iPhone.Build.0 = Debug|Any CPU
		{1429EF9A-A988-4B15-9E20-5AEB3CC56CB2}.Debug|iPhone.Deploy.0 = Debug|Any CPU
		{1429EF9A-A988-4B15-9E20-5AEB3CC56CB2}.Debug|iPhoneSimulator.ActiveCfg = Debug|Any CPU
		{1429EF9A-A988-4B15-9E20-5AEB3CC56CB2}.Debug|iPhoneSimulator.Build.0 = Debug|Any CPU
		{1429EF9A-A988-4B15-9E20-5AEB3CC56CB2}.Debug|iPhoneSimulator.Deploy.0 = Debug|Any CPU
		{1429EF9A-A988-4B15-9E20-5AEB3CC56CB2}.Debug|x64.ActiveCfg = Debug|Any CPU
		{1429EF9A-A988-4B15-9E20-5AEB3CC56CB2}.Debug|x64.Build.0 = Debug|Any CPU
		{1429EF9A-A988-4B15-9E20-5AEB3CC56CB2}.Debug|x64.Deploy.0 = Debug|Any CPU
		{1429EF9A-A988-4B15-9E20-5AEB3CC56CB2}.Debug|x86.ActiveCfg = Debug|Any CPU
		{1429EF9A-A988-4B15-9E20-5AEB3CC56CB2}.Debug|x86.Build.0 = Debug|Any CPU
		{1429EF9A-A988-4B15-9E20-5AEB3CC56CB2}.Debug|x86.Deploy.0 = Debug|Any CPU
		{1429EF9A-A988-4B15-9E20-5AEB3CC56CB2}.Release|Any CPU.ActiveCfg = Release|Any CPU
		{1429EF9A-A988-4B15-9E20-5AEB3CC56CB2}.Release|Any CPU.Build.0 = Release|Any CPU
		{1429EF9A-A988-4B15-9E20-5AEB3CC56CB2}.Release|Any CPU.Deploy.0 = Release|Any CPU
		{1429EF9A-A988-4B15-9E20-5AEB3CC56CB2}.Release|ARM.ActiveCfg = Release|Any CPU
		{1429EF9A-A988-4B15-9E20-5AEB3CC56CB2}.Release|ARM.Build.0 = Release|Any CPU
		{1429EF9A-A988-4B15-9E20-5AEB3CC56CB2}.Release|ARM.Deploy.0 = Release|Any CPU
		{1429EF9A-A988-4B15-9E20-5AEB3CC56CB2}.Release|ARM64.ActiveCfg = Release|Any CPU
		{1429EF9A-A988-4B15-9E20-5AEB3CC56CB2}.Release|ARM64.Build.0 = Release|Any CPU
		{1429EF9A-A988-4B15-9E20-5AEB3CC56CB2}.Release|ARM64.Deploy.0 = Release|Any CPU
		{1429EF9A-A988-4B15-9E20-5AEB3CC56CB2}.Release|iPhone.ActiveCfg = Release|Any CPU
		{1429EF9A-A988-4B15-9E20-5AEB3CC56CB2}.Release|iPhone.Build.0 = Release|Any CPU
		{1429EF9A-A988-4B15-9E20-5AEB3CC56CB2}.Release|iPhone.Deploy.0 = Release|Any CPU
		{1429EF9A-A988-4B15-9E20-5AEB3CC56CB2}.Release|iPhoneSimulator.ActiveCfg = Release|Any CPU
		{1429EF9A-A988-4B15-9E20-5AEB3CC56CB2}.Release|iPhoneSimulator.Build.0 = Release|Any CPU
		{1429EF9A-A988-4B15-9E20-5AEB3CC56CB2}.Release|iPhoneSimulator.Deploy.0 = Release|Any CPU
		{1429EF9A-A988-4B15-9E20-5AEB3CC56CB2}.Release|x64.ActiveCfg = Release|Any CPU
		{1429EF9A-A988-4B15-9E20-5AEB3CC56CB2}.Release|x64.Build.0 = Release|Any CPU
		{1429EF9A-A988-4B15-9E20-5AEB3CC56CB2}.Release|x64.Deploy.0 = Release|Any CPU
		{1429EF9A-A988-4B15-9E20-5AEB3CC56CB2}.Release|x86.ActiveCfg = Release|Any CPU
		{1429EF9A-A988-4B15-9E20-5AEB3CC56CB2}.Release|x86.Build.0 = Release|Any CPU
		{1429EF9A-A988-4B15-9E20-5AEB3CC56CB2}.Release|x86.Deploy.0 = Release|Any CPU
		{AC9C0066-D9CD-45A4-8CCF-5733D9833FAC}.Debug|Any CPU.ActiveCfg = Debug|Any CPU
		{AC9C0066-D9CD-45A4-8CCF-5733D9833FAC}.Debug|Any CPU.Build.0 = Debug|Any CPU
		{AC9C0066-D9CD-45A4-8CCF-5733D9833FAC}.Debug|ARM.ActiveCfg = Debug|Any CPU
		{AC9C0066-D9CD-45A4-8CCF-5733D9833FAC}.Debug|ARM.Build.0 = Debug|Any CPU
		{AC9C0066-D9CD-45A4-8CCF-5733D9833FAC}.Debug|ARM64.ActiveCfg = Debug|Any CPU
		{AC9C0066-D9CD-45A4-8CCF-5733D9833FAC}.Debug|ARM64.Build.0 = Debug|Any CPU
		{AC9C0066-D9CD-45A4-8CCF-5733D9833FAC}.Debug|iPhone.ActiveCfg = Debug|Any CPU
		{AC9C0066-D9CD-45A4-8CCF-5733D9833FAC}.Debug|iPhone.Build.0 = Debug|Any CPU
		{AC9C0066-D9CD-45A4-8CCF-5733D9833FAC}.Debug|iPhoneSimulator.ActiveCfg = Debug|Any CPU
		{AC9C0066-D9CD-45A4-8CCF-5733D9833FAC}.Debug|iPhoneSimulator.Build.0 = Debug|Any CPU
		{AC9C0066-D9CD-45A4-8CCF-5733D9833FAC}.Debug|x64.ActiveCfg = Debug|Any CPU
		{AC9C0066-D9CD-45A4-8CCF-5733D9833FAC}.Debug|x64.Build.0 = Debug|Any CPU
		{AC9C0066-D9CD-45A4-8CCF-5733D9833FAC}.Debug|x86.ActiveCfg = Debug|Any CPU
		{AC9C0066-D9CD-45A4-8CCF-5733D9833FAC}.Debug|x86.Build.0 = Debug|Any CPU
		{AC9C0066-D9CD-45A4-8CCF-5733D9833FAC}.Release|Any CPU.ActiveCfg = Release|Any CPU
		{AC9C0066-D9CD-45A4-8CCF-5733D9833FAC}.Release|Any CPU.Build.0 = Release|Any CPU
		{AC9C0066-D9CD-45A4-8CCF-5733D9833FAC}.Release|ARM.ActiveCfg = Release|Any CPU
		{AC9C0066-D9CD-45A4-8CCF-5733D9833FAC}.Release|ARM.Build.0 = Release|Any CPU
		{AC9C0066-D9CD-45A4-8CCF-5733D9833FAC}.Release|ARM64.ActiveCfg = Release|Any CPU
		{AC9C0066-D9CD-45A4-8CCF-5733D9833FAC}.Release|ARM64.Build.0 = Release|Any CPU
		{AC9C0066-D9CD-45A4-8CCF-5733D9833FAC}.Release|iPhone.ActiveCfg = Release|Any CPU
		{AC9C0066-D9CD-45A4-8CCF-5733D9833FAC}.Release|iPhone.Build.0 = Release|Any CPU
		{AC9C0066-D9CD-45A4-8CCF-5733D9833FAC}.Release|iPhoneSimulator.ActiveCfg = Release|Any CPU
		{AC9C0066-D9CD-45A4-8CCF-5733D9833FAC}.Release|iPhoneSimulator.Build.0 = Release|Any CPU
		{AC9C0066-D9CD-45A4-8CCF-5733D9833FAC}.Release|x64.ActiveCfg = Release|Any CPU
		{AC9C0066-D9CD-45A4-8CCF-5733D9833FAC}.Release|x64.Build.0 = Release|Any CPU
		{AC9C0066-D9CD-45A4-8CCF-5733D9833FAC}.Release|x86.ActiveCfg = Release|Any CPU
		{AC9C0066-D9CD-45A4-8CCF-5733D9833FAC}.Release|x86.Build.0 = Release|Any CPU
		{C0945573-5FE1-45B6-915F-2466FF68384E}.Debug|Any CPU.ActiveCfg = Debug|iPhone
		{C0945573-5FE1-45B6-915F-2466FF68384E}.Debug|ARM.ActiveCfg = Debug|iPhone
		{C0945573-5FE1-45B6-915F-2466FF68384E}.Debug|ARM64.ActiveCfg = Debug|iPhone
		{C0945573-5FE1-45B6-915F-2466FF68384E}.Debug|iPhone.ActiveCfg = Debug|iPhone
		{C0945573-5FE1-45B6-915F-2466FF68384E}.Debug|iPhone.Build.0 = Debug|iPhone
		{C0945573-5FE1-45B6-915F-2466FF68384E}.Debug|iPhoneSimulator.ActiveCfg = Debug|iPhoneSimulator
		{C0945573-5FE1-45B6-915F-2466FF68384E}.Debug|iPhoneSimulator.Build.0 = Debug|iPhoneSimulator
		{C0945573-5FE1-45B6-915F-2466FF68384E}.Debug|x64.ActiveCfg = Debug|iPhone
		{C0945573-5FE1-45B6-915F-2466FF68384E}.Debug|x86.ActiveCfg = Debug|iPhone
		{C0945573-5FE1-45B6-915F-2466FF68384E}.Release|Any CPU.ActiveCfg = Release|iPhone
		{C0945573-5FE1-45B6-915F-2466FF68384E}.Release|ARM.ActiveCfg = Release|iPhone
		{C0945573-5FE1-45B6-915F-2466FF68384E}.Release|ARM64.ActiveCfg = Release|iPhone
		{C0945573-5FE1-45B6-915F-2466FF68384E}.Release|iPhone.ActiveCfg = Release|iPhone
		{C0945573-5FE1-45B6-915F-2466FF68384E}.Release|iPhone.Build.0 = Release|iPhone
		{C0945573-5FE1-45B6-915F-2466FF68384E}.Release|iPhoneSimulator.ActiveCfg = Release|iPhoneSimulator
		{C0945573-5FE1-45B6-915F-2466FF68384E}.Release|iPhoneSimulator.Build.0 = Release|iPhoneSimulator
		{C0945573-5FE1-45B6-915F-2466FF68384E}.Release|x64.ActiveCfg = Release|iPhone
		{C0945573-5FE1-45B6-915F-2466FF68384E}.Release|x86.ActiveCfg = Release|iPhone
		{3B10FC5E-8DC8-40AD-8E99-DDD2EAF1629B}.Debug|Any CPU.ActiveCfg = Debug|Any CPU
		{3B10FC5E-8DC8-40AD-8E99-DDD2EAF1629B}.Debug|Any CPU.Build.0 = Debug|Any CPU
		{3B10FC5E-8DC8-40AD-8E99-DDD2EAF1629B}.Debug|ARM.ActiveCfg = Debug|Any CPU
		{3B10FC5E-8DC8-40AD-8E99-DDD2EAF1629B}.Debug|ARM.Build.0 = Debug|Any CPU
		{3B10FC5E-8DC8-40AD-8E99-DDD2EAF1629B}.Debug|ARM64.ActiveCfg = Debug|Any CPU
		{3B10FC5E-8DC8-40AD-8E99-DDD2EAF1629B}.Debug|ARM64.Build.0 = Debug|Any CPU
		{3B10FC5E-8DC8-40AD-8E99-DDD2EAF1629B}.Debug|iPhone.ActiveCfg = Debug|Any CPU
		{3B10FC5E-8DC8-40AD-8E99-DDD2EAF1629B}.Debug|iPhone.Build.0 = Debug|Any CPU
		{3B10FC5E-8DC8-40AD-8E99-DDD2EAF1629B}.Debug|iPhoneSimulator.ActiveCfg = Debug|Any CPU
		{3B10FC5E-8DC8-40AD-8E99-DDD2EAF1629B}.Debug|iPhoneSimulator.Build.0 = Debug|Any CPU
		{3B10FC5E-8DC8-40AD-8E99-DDD2EAF1629B}.Debug|x64.ActiveCfg = Debug|Any CPU
		{3B10FC5E-8DC8-40AD-8E99-DDD2EAF1629B}.Debug|x64.Build.0 = Debug|Any CPU
		{3B10FC5E-8DC8-40AD-8E99-DDD2EAF1629B}.Debug|x86.ActiveCfg = Debug|Any CPU
		{3B10FC5E-8DC8-40AD-8E99-DDD2EAF1629B}.Debug|x86.Build.0 = Debug|Any CPU
		{3B10FC5E-8DC8-40AD-8E99-DDD2EAF1629B}.Release|Any CPU.ActiveCfg = Release|Any CPU
		{3B10FC5E-8DC8-40AD-8E99-DDD2EAF1629B}.Release|Any CPU.Build.0 = Release|Any CPU
		{3B10FC5E-8DC8-40AD-8E99-DDD2EAF1629B}.Release|ARM.ActiveCfg = Release|Any CPU
		{3B10FC5E-8DC8-40AD-8E99-DDD2EAF1629B}.Release|ARM.Build.0 = Release|Any CPU
		{3B10FC5E-8DC8-40AD-8E99-DDD2EAF1629B}.Release|ARM64.ActiveCfg = Release|Any CPU
		{3B10FC5E-8DC8-40AD-8E99-DDD2EAF1629B}.Release|ARM64.Build.0 = Release|Any CPU
		{3B10FC5E-8DC8-40AD-8E99-DDD2EAF1629B}.Release|iPhone.ActiveCfg = Release|Any CPU
		{3B10FC5E-8DC8-40AD-8E99-DDD2EAF1629B}.Release|iPhone.Build.0 = Release|Any CPU
		{3B10FC5E-8DC8-40AD-8E99-DDD2EAF1629B}.Release|iPhoneSimulator.ActiveCfg = Release|Any CPU
		{3B10FC5E-8DC8-40AD-8E99-DDD2EAF1629B}.Release|iPhoneSimulator.Build.0 = Release|Any CPU
		{3B10FC5E-8DC8-40AD-8E99-DDD2EAF1629B}.Release|x64.ActiveCfg = Release|Any CPU
		{3B10FC5E-8DC8-40AD-8E99-DDD2EAF1629B}.Release|x64.Build.0 = Release|Any CPU
		{3B10FC5E-8DC8-40AD-8E99-DDD2EAF1629B}.Release|x86.ActiveCfg = Release|Any CPU
		{3B10FC5E-8DC8-40AD-8E99-DDD2EAF1629B}.Release|x86.Build.0 = Release|Any CPU
		{E35DBD54-1D03-43EF-89E9-C317A71C4D29}.Debug|Any CPU.ActiveCfg = Debug|Any CPU
		{E35DBD54-1D03-43EF-89E9-C317A71C4D29}.Debug|Any CPU.Build.0 = Debug|Any CPU
		{E35DBD54-1D03-43EF-89E9-C317A71C4D29}.Debug|ARM.ActiveCfg = Debug|Any CPU
		{E35DBD54-1D03-43EF-89E9-C317A71C4D29}.Debug|ARM.Build.0 = Debug|Any CPU
		{E35DBD54-1D03-43EF-89E9-C317A71C4D29}.Debug|ARM64.ActiveCfg = Debug|Any CPU
		{E35DBD54-1D03-43EF-89E9-C317A71C4D29}.Debug|ARM64.Build.0 = Debug|Any CPU
		{E35DBD54-1D03-43EF-89E9-C317A71C4D29}.Debug|iPhone.ActiveCfg = Debug|Any CPU
		{E35DBD54-1D03-43EF-89E9-C317A71C4D29}.Debug|iPhone.Build.0 = Debug|Any CPU
		{E35DBD54-1D03-43EF-89E9-C317A71C4D29}.Debug|iPhoneSimulator.ActiveCfg = Debug|Any CPU
		{E35DBD54-1D03-43EF-89E9-C317A71C4D29}.Debug|iPhoneSimulator.Build.0 = Debug|Any CPU
		{E35DBD54-1D03-43EF-89E9-C317A71C4D29}.Debug|x64.ActiveCfg = Debug|Any CPU
		{E35DBD54-1D03-43EF-89E9-C317A71C4D29}.Debug|x64.Build.0 = Debug|Any CPU
		{E35DBD54-1D03-43EF-89E9-C317A71C4D29}.Debug|x86.ActiveCfg = Debug|Any CPU
		{E35DBD54-1D03-43EF-89E9-C317A71C4D29}.Debug|x86.Build.0 = Debug|Any CPU
		{E35DBD54-1D03-43EF-89E9-C317A71C4D29}.Release|Any CPU.ActiveCfg = Release|Any CPU
		{E35DBD54-1D03-43EF-89E9-C317A71C4D29}.Release|Any CPU.Build.0 = Release|Any CPU
		{E35DBD54-1D03-43EF-89E9-C317A71C4D29}.Release|ARM.ActiveCfg = Release|Any CPU
		{E35DBD54-1D03-43EF-89E9-C317A71C4D29}.Release|ARM.Build.0 = Release|Any CPU
		{E35DBD54-1D03-43EF-89E9-C317A71C4D29}.Release|ARM64.ActiveCfg = Release|Any CPU
		{E35DBD54-1D03-43EF-89E9-C317A71C4D29}.Release|ARM64.Build.0 = Release|Any CPU
		{E35DBD54-1D03-43EF-89E9-C317A71C4D29}.Release|iPhone.ActiveCfg = Release|Any CPU
		{E35DBD54-1D03-43EF-89E9-C317A71C4D29}.Release|iPhone.Build.0 = Release|Any CPU
		{E35DBD54-1D03-43EF-89E9-C317A71C4D29}.Release|iPhoneSimulator.ActiveCfg = Release|Any CPU
		{E35DBD54-1D03-43EF-89E9-C317A71C4D29}.Release|iPhoneSimulator.Build.0 = Release|Any CPU
		{E35DBD54-1D03-43EF-89E9-C317A71C4D29}.Release|x64.ActiveCfg = Release|Any CPU
		{E35DBD54-1D03-43EF-89E9-C317A71C4D29}.Release|x64.Build.0 = Release|Any CPU
		{E35DBD54-1D03-43EF-89E9-C317A71C4D29}.Release|x86.ActiveCfg = Release|Any CPU
		{E35DBD54-1D03-43EF-89E9-C317A71C4D29}.Release|x86.Build.0 = Release|Any CPU
		{A1770D87-9358-4A17-B751-3CD62BF755E2}.Debug|Any CPU.ActiveCfg = Debug|Any CPU
		{A1770D87-9358-4A17-B751-3CD62BF755E2}.Debug|Any CPU.Build.0 = Debug|Any CPU
		{A1770D87-9358-4A17-B751-3CD62BF755E2}.Debug|ARM.ActiveCfg = Debug|Any CPU
		{A1770D87-9358-4A17-B751-3CD62BF755E2}.Debug|ARM.Build.0 = Debug|Any CPU
		{A1770D87-9358-4A17-B751-3CD62BF755E2}.Debug|ARM64.ActiveCfg = Debug|Any CPU
		{A1770D87-9358-4A17-B751-3CD62BF755E2}.Debug|ARM64.Build.0 = Debug|Any CPU
		{A1770D87-9358-4A17-B751-3CD62BF755E2}.Debug|iPhone.ActiveCfg = Debug|Any CPU
		{A1770D87-9358-4A17-B751-3CD62BF755E2}.Debug|iPhone.Build.0 = Debug|Any CPU
		{A1770D87-9358-4A17-B751-3CD62BF755E2}.Debug|iPhoneSimulator.ActiveCfg = Debug|Any CPU
		{A1770D87-9358-4A17-B751-3CD62BF755E2}.Debug|iPhoneSimulator.Build.0 = Debug|Any CPU
		{A1770D87-9358-4A17-B751-3CD62BF755E2}.Debug|x64.ActiveCfg = Debug|Any CPU
		{A1770D87-9358-4A17-B751-3CD62BF755E2}.Debug|x64.Build.0 = Debug|Any CPU
		{A1770D87-9358-4A17-B751-3CD62BF755E2}.Debug|x86.ActiveCfg = Debug|Any CPU
		{A1770D87-9358-4A17-B751-3CD62BF755E2}.Debug|x86.Build.0 = Debug|Any CPU
		{A1770D87-9358-4A17-B751-3CD62BF755E2}.Release|Any CPU.ActiveCfg = Release|Any CPU
		{A1770D87-9358-4A17-B751-3CD62BF755E2}.Release|Any CPU.Build.0 = Release|Any CPU
		{A1770D87-9358-4A17-B751-3CD62BF755E2}.Release|ARM.ActiveCfg = Release|Any CPU
		{A1770D87-9358-4A17-B751-3CD62BF755E2}.Release|ARM.Build.0 = Release|Any CPU
		{A1770D87-9358-4A17-B751-3CD62BF755E2}.Release|ARM64.ActiveCfg = Release|Any CPU
		{A1770D87-9358-4A17-B751-3CD62BF755E2}.Release|ARM64.Build.0 = Release|Any CPU
		{A1770D87-9358-4A17-B751-3CD62BF755E2}.Release|iPhone.ActiveCfg = Release|Any CPU
		{A1770D87-9358-4A17-B751-3CD62BF755E2}.Release|iPhone.Build.0 = Release|Any CPU
		{A1770D87-9358-4A17-B751-3CD62BF755E2}.Release|iPhoneSimulator.ActiveCfg = Release|Any CPU
		{A1770D87-9358-4A17-B751-3CD62BF755E2}.Release|iPhoneSimulator.Build.0 = Release|Any CPU
		{A1770D87-9358-4A17-B751-3CD62BF755E2}.Release|x64.ActiveCfg = Release|Any CPU
		{A1770D87-9358-4A17-B751-3CD62BF755E2}.Release|x64.Build.0 = Release|Any CPU
		{A1770D87-9358-4A17-B751-3CD62BF755E2}.Release|x86.ActiveCfg = Release|Any CPU
		{A1770D87-9358-4A17-B751-3CD62BF755E2}.Release|x86.Build.0 = Release|Any CPU
		{84302ED8-716A-4289-A704-E0D75C799A35}.Debug|Any CPU.ActiveCfg = Debug|Any CPU
		{84302ED8-716A-4289-A704-E0D75C799A35}.Debug|Any CPU.Build.0 = Debug|Any CPU
		{84302ED8-716A-4289-A704-E0D75C799A35}.Debug|ARM.ActiveCfg = Debug|Any CPU
		{84302ED8-716A-4289-A704-E0D75C799A35}.Debug|ARM.Build.0 = Debug|Any CPU
		{84302ED8-716A-4289-A704-E0D75C799A35}.Debug|ARM64.ActiveCfg = Debug|Any CPU
		{84302ED8-716A-4289-A704-E0D75C799A35}.Debug|ARM64.Build.0 = Debug|Any CPU
		{84302ED8-716A-4289-A704-E0D75C799A35}.Debug|iPhone.ActiveCfg = Debug|Any CPU
		{84302ED8-716A-4289-A704-E0D75C799A35}.Debug|iPhone.Build.0 = Debug|Any CPU
		{84302ED8-716A-4289-A704-E0D75C799A35}.Debug|iPhoneSimulator.ActiveCfg = Debug|Any CPU
		{84302ED8-716A-4289-A704-E0D75C799A35}.Debug|iPhoneSimulator.Build.0 = Debug|Any CPU
		{84302ED8-716A-4289-A704-E0D75C799A35}.Debug|x64.ActiveCfg = Debug|Any CPU
		{84302ED8-716A-4289-A704-E0D75C799A35}.Debug|x64.Build.0 = Debug|Any CPU
		{84302ED8-716A-4289-A704-E0D75C799A35}.Debug|x86.ActiveCfg = Debug|Any CPU
		{84302ED8-716A-4289-A704-E0D75C799A35}.Debug|x86.Build.0 = Debug|Any CPU
		{84302ED8-716A-4289-A704-E0D75C799A35}.Release|Any CPU.ActiveCfg = Release|Any CPU
		{84302ED8-716A-4289-A704-E0D75C799A35}.Release|Any CPU.Build.0 = Release|Any CPU
		{84302ED8-716A-4289-A704-E0D75C799A35}.Release|ARM.ActiveCfg = Release|Any CPU
		{84302ED8-716A-4289-A704-E0D75C799A35}.Release|ARM.Build.0 = Release|Any CPU
		{84302ED8-716A-4289-A704-E0D75C799A35}.Release|ARM64.ActiveCfg = Release|Any CPU
		{84302ED8-716A-4289-A704-E0D75C799A35}.Release|ARM64.Build.0 = Release|Any CPU
		{84302ED8-716A-4289-A704-E0D75C799A35}.Release|iPhone.ActiveCfg = Release|Any CPU
		{84302ED8-716A-4289-A704-E0D75C799A35}.Release|iPhone.Build.0 = Release|Any CPU
		{84302ED8-716A-4289-A704-E0D75C799A35}.Release|iPhoneSimulator.ActiveCfg = Release|Any CPU
		{84302ED8-716A-4289-A704-E0D75C799A35}.Release|iPhoneSimulator.Build.0 = Release|Any CPU
		{84302ED8-716A-4289-A704-E0D75C799A35}.Release|x64.ActiveCfg = Release|Any CPU
		{84302ED8-716A-4289-A704-E0D75C799A35}.Release|x64.Build.0 = Release|Any CPU
		{84302ED8-716A-4289-A704-E0D75C799A35}.Release|x86.ActiveCfg = Release|Any CPU
		{84302ED8-716A-4289-A704-E0D75C799A35}.Release|x86.Build.0 = Release|Any CPU
		{FE9EEAA1-C953-46D9-BE15-D4A3B8A82212}.Debug|Any CPU.ActiveCfg = Debug|x86
		{FE9EEAA1-C953-46D9-BE15-D4A3B8A82212}.Debug|ARM.ActiveCfg = Debug|ARM
		{FE9EEAA1-C953-46D9-BE15-D4A3B8A82212}.Debug|ARM.Build.0 = Debug|ARM
		{FE9EEAA1-C953-46D9-BE15-D4A3B8A82212}.Debug|ARM.Deploy.0 = Debug|ARM
		{FE9EEAA1-C953-46D9-BE15-D4A3B8A82212}.Debug|ARM64.ActiveCfg = Debug|x86
		{FE9EEAA1-C953-46D9-BE15-D4A3B8A82212}.Debug|iPhone.ActiveCfg = Debug|x86
		{FE9EEAA1-C953-46D9-BE15-D4A3B8A82212}.Debug|iPhoneSimulator.ActiveCfg = Debug|x86
		{FE9EEAA1-C953-46D9-BE15-D4A3B8A82212}.Debug|x64.ActiveCfg = Debug|x64
		{FE9EEAA1-C953-46D9-BE15-D4A3B8A82212}.Debug|x64.Build.0 = Debug|x64
		{FE9EEAA1-C953-46D9-BE15-D4A3B8A82212}.Debug|x64.Deploy.0 = Debug|x64
		{FE9EEAA1-C953-46D9-BE15-D4A3B8A82212}.Debug|x86.ActiveCfg = Debug|x86
		{FE9EEAA1-C953-46D9-BE15-D4A3B8A82212}.Debug|x86.Build.0 = Debug|x86
		{FE9EEAA1-C953-46D9-BE15-D4A3B8A82212}.Debug|x86.Deploy.0 = Debug|x86
		{FE9EEAA1-C953-46D9-BE15-D4A3B8A82212}.Release|Any CPU.ActiveCfg = Release|x86
		{FE9EEAA1-C953-46D9-BE15-D4A3B8A82212}.Release|ARM.ActiveCfg = Release|ARM
		{FE9EEAA1-C953-46D9-BE15-D4A3B8A82212}.Release|ARM.Build.0 = Release|ARM
		{FE9EEAA1-C953-46D9-BE15-D4A3B8A82212}.Release|ARM.Deploy.0 = Release|ARM
		{FE9EEAA1-C953-46D9-BE15-D4A3B8A82212}.Release|ARM64.ActiveCfg = Release|x86
		{FE9EEAA1-C953-46D9-BE15-D4A3B8A82212}.Release|iPhone.ActiveCfg = Release|x86
		{FE9EEAA1-C953-46D9-BE15-D4A3B8A82212}.Release|iPhoneSimulator.ActiveCfg = Release|x86
		{FE9EEAA1-C953-46D9-BE15-D4A3B8A82212}.Release|x64.ActiveCfg = Release|x64
		{FE9EEAA1-C953-46D9-BE15-D4A3B8A82212}.Release|x64.Build.0 = Release|x64
		{FE9EEAA1-C953-46D9-BE15-D4A3B8A82212}.Release|x64.Deploy.0 = Release|x64
		{FE9EEAA1-C953-46D9-BE15-D4A3B8A82212}.Release|x86.ActiveCfg = Release|x86
		{FE9EEAA1-C953-46D9-BE15-D4A3B8A82212}.Release|x86.Build.0 = Release|x86
		{FE9EEAA1-C953-46D9-BE15-D4A3B8A82212}.Release|x86.Deploy.0 = Release|x86
		{046FB54A-0FAC-498F-97DD-3F577E62F70C}.Debug|Any CPU.ActiveCfg = Debug|Any CPU
		{046FB54A-0FAC-498F-97DD-3F577E62F70C}.Debug|Any CPU.Build.0 = Debug|Any CPU
		{046FB54A-0FAC-498F-97DD-3F577E62F70C}.Debug|ARM.ActiveCfg = Debug|Any CPU
		{046FB54A-0FAC-498F-97DD-3F577E62F70C}.Debug|ARM.Build.0 = Debug|Any CPU
		{046FB54A-0FAC-498F-97DD-3F577E62F70C}.Debug|ARM64.ActiveCfg = Debug|Any CPU
		{046FB54A-0FAC-498F-97DD-3F577E62F70C}.Debug|ARM64.Build.0 = Debug|Any CPU
		{046FB54A-0FAC-498F-97DD-3F577E62F70C}.Debug|iPhone.ActiveCfg = Debug|Any CPU
		{046FB54A-0FAC-498F-97DD-3F577E62F70C}.Debug|iPhone.Build.0 = Debug|Any CPU
		{046FB54A-0FAC-498F-97DD-3F577E62F70C}.Debug|iPhoneSimulator.ActiveCfg = Debug|Any CPU
		{046FB54A-0FAC-498F-97DD-3F577E62F70C}.Debug|iPhoneSimulator.Build.0 = Debug|Any CPU
		{046FB54A-0FAC-498F-97DD-3F577E62F70C}.Debug|x64.ActiveCfg = Debug|Any CPU
		{046FB54A-0FAC-498F-97DD-3F577E62F70C}.Debug|x64.Build.0 = Debug|Any CPU
		{046FB54A-0FAC-498F-97DD-3F577E62F70C}.Debug|x86.ActiveCfg = Debug|Any CPU
		{046FB54A-0FAC-498F-97DD-3F577E62F70C}.Debug|x86.Build.0 = Debug|Any CPU
		{046FB54A-0FAC-498F-97DD-3F577E62F70C}.Release|Any CPU.ActiveCfg = Release|Any CPU
		{046FB54A-0FAC-498F-97DD-3F577E62F70C}.Release|Any CPU.Build.0 = Release|Any CPU
		{046FB54A-0FAC-498F-97DD-3F577E62F70C}.Release|ARM.ActiveCfg = Release|Any CPU
		{046FB54A-0FAC-498F-97DD-3F577E62F70C}.Release|ARM.Build.0 = Release|Any CPU
		{046FB54A-0FAC-498F-97DD-3F577E62F70C}.Release|ARM64.ActiveCfg = Release|Any CPU
		{046FB54A-0FAC-498F-97DD-3F577E62F70C}.Release|ARM64.Build.0 = Release|Any CPU
		{046FB54A-0FAC-498F-97DD-3F577E62F70C}.Release|iPhone.ActiveCfg = Release|Any CPU
		{046FB54A-0FAC-498F-97DD-3F577E62F70C}.Release|iPhone.Build.0 = Release|Any CPU
		{046FB54A-0FAC-498F-97DD-3F577E62F70C}.Release|iPhoneSimulator.ActiveCfg = Release|Any CPU
		{046FB54A-0FAC-498F-97DD-3F577E62F70C}.Release|iPhoneSimulator.Build.0 = Release|Any CPU
		{046FB54A-0FAC-498F-97DD-3F577E62F70C}.Release|x64.ActiveCfg = Release|Any CPU
		{046FB54A-0FAC-498F-97DD-3F577E62F70C}.Release|x64.Build.0 = Release|Any CPU
		{046FB54A-0FAC-498F-97DD-3F577E62F70C}.Release|x86.ActiveCfg = Release|Any CPU
		{046FB54A-0FAC-498F-97DD-3F577E62F70C}.Release|x86.Build.0 = Release|Any CPU
	EndGlobalSection
	GlobalSection(SolutionProperties) = preSolution
		HideSolutionNode = FALSE
	EndGlobalSection
	GlobalSection(NestedProjects) = preSolution
		{04535C27-E312-4204-B2D5-F1AF2064DA66} = {6543DCCE-C8C0-47E1-9EA1-AC41596AA2B1}
		{07F0BBB9-E360-40EF-8501-5A61BA8684A7} = {6543DCCE-C8C0-47E1-9EA1-AC41596AA2B1}
		{1429EF9A-A988-4B15-9E20-5AEB3CC56CB2} = {26862EAF-02DA-4EAC-A571-0700F5E7E195}
		{AC9C0066-D9CD-45A4-8CCF-5733D9833FAC} = {26862EAF-02DA-4EAC-A571-0700F5E7E195}
		{C0945573-5FE1-45B6-915F-2466FF68384E} = {26862EAF-02DA-4EAC-A571-0700F5E7E195}
		{3B10FC5E-8DC8-40AD-8E99-DDD2EAF1629B} = {6543DCCE-C8C0-47E1-9EA1-AC41596AA2B1}
		{E35DBD54-1D03-43EF-89E9-C317A71C4D29} = {6543DCCE-C8C0-47E1-9EA1-AC41596AA2B1}
		{A1770D87-9358-4A17-B751-3CD62BF755E2} = {6543DCCE-C8C0-47E1-9EA1-AC41596AA2B1}
		{84302ED8-716A-4289-A704-E0D75C799A35} = {6543DCCE-C8C0-47E1-9EA1-AC41596AA2B1}
		{FE9EEAA1-C953-46D9-BE15-D4A3B8A82212} = {26862EAF-02DA-4EAC-A571-0700F5E7E195}
	EndGlobalSection
	GlobalSection(ExtensibilityGlobals) = postSolution
		SolutionGuid = {1753DD54-27FF-425F-8679-89AF1E3521AD}
	EndGlobalSection
EndGlobal
